// !$*UTF8*$!
{
	archiveVersion = 1;
	classes = {
	};
	objectVersion = 48;
	objects = {

/* Begin PBXBuildFile section */
		4F2780D32090598A00EF7929 /* AppDelegate.swift in Sources */ = {isa = PBXBuildFile; fileRef = 4F2780D22090598A00EF7929 /* AppDelegate.swift */; };
		4F2780D52090598A00EF7929 /* ViewController.swift in Sources */ = {isa = PBXBuildFile; fileRef = 4F2780D42090598A00EF7929 /* ViewController.swift */; };
		4F2780D82090598A00EF7929 /* Main.storyboard in Resources */ = {isa = PBXBuildFile; fileRef = 4F2780D62090598A00EF7929 /* Main.storyboard */; };
		4F2780DA2090598A00EF7929 /* Assets.xcassets in Resources */ = {isa = PBXBuildFile; fileRef = 4F2780D92090598A00EF7929 /* Assets.xcassets */; };
		4F2780DD2090598A00EF7929 /* LaunchScreen.storyboard in Resources */ = {isa = PBXBuildFile; fileRef = 4F2780DB2090598A00EF7929 /* LaunchScreen.storyboard */; };
		4F2780E520905DFD00EF7929 /* view1.swift in Sources */ = {isa = PBXBuildFile; fileRef = 4F2780E420905DFD00EF7929 /* view1.swift */; };
		4F2780ED2090666200EF7929 /* view2.swift in Sources */ = {isa = PBXBuildFile; fileRef = 4F2780EC2090666200EF7929 /* view2.swift */; };
		4F2780EF2090666E00EF7929 /* view3.swift in Sources */ = {isa = PBXBuildFile; fileRef = 4F2780EE2090666E00EF7929 /* view3.swift */; };
		6D89B88869A288CEF9B0206E /* Pods_pagetabStrip.framework in Frameworks */ = {isa = PBXBuildFile; fileRef = 9A38EF586ACBA85941E1807E /* Pods_pagetabStrip.framework */; };
/* End PBXBuildFile section */

/* Begin PBXFileReference section */
		221DEC1B2F765173614E53C3 /* Pods-pagetabStrip.release.xcconfig */ = {isa = PBXFileReference; includeInIndex = 1; lastKnownFileType = text.xcconfig; name = "Pods-pagetabStrip.release.xcconfig"; path = "Pods/Target Support Files/Pods-pagetabStrip/Pods-pagetabStrip.release.xcconfig"; sourceTree = "<group>"; };
		4F2780CF2090598A00EF7929 /* pagetabStrip.app */ = {isa = PBXFileReference; explicitFileType = wrapper.application; includeInIndex = 0; path = pagetabStrip.app; sourceTree = BUILT_PRODUCTS_DIR; };
		4F2780D22090598A00EF7929 /* AppDelegate.swift */ = {isa = PBXFileReference; lastKnownFileType = sourcecode.swift; path = AppDelegate.swift; sourceTree = "<group>"; };
		4F2780D42090598A00EF7929 /* ViewController.swift */ = {isa = PBXFileReference; lastKnownFileType = sourcecode.swift; path = ViewController.swift; sourceTree = "<group>"; };
		4F2780D72090598A00EF7929 /* Base */ = {isa = PBXFileReference; lastKnownFileType = file.storyboard; name = Base; path = Base.lproj/Main.storyboard; sourceTree = "<group>"; };
		4F2780D92090598A00EF7929 /* Assets.xcassets */ = {isa = PBXFileReference; lastKnownFileType = folder.assetcatalog; path = Assets.xcassets; sourceTree = "<group>"; };
		4F2780DC2090598A00EF7929 /* Base */ = {isa = PBXFileReference; lastKnownFileType = file.storyboard; name = Base; path = Base.lproj/LaunchScreen.storyboard; sourceTree = "<group>"; };
		4F2780DE2090598A00EF7929 /* Info.plist */ = {isa = PBXFileReference; lastKnownFileType = text.plist.xml; path = Info.plist; sourceTree = "<group>"; };
		4F2780E420905DFD00EF7929 /* view1.swift */ = {isa = PBXFileReference; lastKnownFileType = sourcecode.swift; path = view1.swift; sourceTree = "<group>"; };
		4F2780EC2090666200EF7929 /* view2.swift */ = {isa = PBXFileReference; lastKnownFileType = sourcecode.swift; path = view2.swift; sourceTree = "<group>"; };
		4F2780EE2090666E00EF7929 /* view3.swift */ = {isa = PBXFileReference; lastKnownFileType = sourcecode.swift; path = view3.swift; sourceTree = "<group>"; };
		8C67588A3543D8C99BDCC71D /* Pods-pagetabStrip.debug.xcconfig */ = {isa = PBXFileReference; includeInIndex = 1; lastKnownFileType = text.xcconfig; name = "Pods-pagetabStrip.debug.xcconfig"; path = "Pods/Target Support Files/Pods-pagetabStrip/Pods-pagetabStrip.debug.xcconfig"; sourceTree = "<group>"; };
		9A38EF586ACBA85941E1807E /* Pods_pagetabStrip.framework */ = {isa = PBXFileReference; explicitFileType = wrapper.framework; includeInIndex = 0; path = Pods_pagetabStrip.framework; sourceTree = BUILT_PRODUCTS_DIR; };
/* End PBXFileReference section */

/* Begin PBXFrameworksBuildPhase section */
		4F2780CC2090598A00EF7929 /* Frameworks */ = {
			isa = PBXFrameworksBuildPhase;
			buildActionMask = 2147483647;
			files = (
				6D89B88869A288CEF9B0206E /* Pods_pagetabStrip.framework in Frameworks */,
			);
			runOnlyForDeploymentPostprocessing = 0;
		};
/* End PBXFrameworksBuildPhase section */

/* Begin PBXGroup section */
		348E525CEEAC9CABA11E436C /* Frameworks */ = {
			isa = PBXGroup;
			children = (
				9A38EF586ACBA85941E1807E /* Pods_pagetabStrip.framework */,
			);
			name = Frameworks;
			sourceTree = "<group>";
		};
		4F2780C62090598A00EF7929 = {
			isa = PBXGroup;
			children = (
				4F2780D12090598A00EF7929 /* pagetabStrip */,
				4F2780D02090598A00EF7929 /* Products */,
				C2BD545720232D5D6335A460 /* Pods */,
				348E525CEEAC9CABA11E436C /* Frameworks */,
			);
			sourceTree = "<group>";
		};
		4F2780D02090598A00EF7929 /* Products */ = {
			isa = PBXGroup;
			children = (
				4F2780CF2090598A00EF7929 /* pagetabStrip.app */,
			);
			name = Products;
			sourceTree = "<group>";
		};
		4F2780D12090598A00EF7929 /* pagetabStrip */ = {
			isa = PBXGroup;
			children = (
				4F2780D22090598A00EF7929 /* AppDelegate.swift */,
				4F2780D42090598A00EF7929 /* ViewController.swift */,
				4F2780D62090598A00EF7929 /* Main.storyboard */,
				4F2780D92090598A00EF7929 /* Assets.xcassets */,
				4F2780DB2090598A00EF7929 /* LaunchScreen.storyboard */,
				4F2780DE2090598A00EF7929 /* Info.plist */,
				4F2780E420905DFD00EF7929 /* view1.swift */,
				4F2780EC2090666200EF7929 /* view2.swift */,
				4F2780EE2090666E00EF7929 /* view3.swift */,
			);
			path = pagetabStrip;
			sourceTree = "<group>";
		};
		C2BD545720232D5D6335A460 /* Pods */ = {
			isa = PBXGroup;
			children = (
				8C67588A3543D8C99BDCC71D /* Pods-pagetabStrip.debug.xcconfig */,
				221DEC1B2F765173614E53C3 /* Pods-pagetabStrip.release.xcconfig */,
			);
			name = Pods;
			sourceTree = "<group>";
		};
/* End PBXGroup section */

/* Begin PBXNativeTarget section */
		4F2780CE2090598A00EF7929 /* pagetabStrip */ = {
			isa = PBXNativeTarget;
			buildConfigurationList = 4F2780E12090598A00EF7929 /* Build configuration list for PBXNativeTarget "pagetabStrip" */;
			buildPhases = (
				9209862AD10688CFAAE09EDF /* [CP] Check Pods Manifest.lock */,
				4F2780CB2090598A00EF7929 /* Sources */,
				4F2780CC2090598A00EF7929 /* Frameworks */,
				4F2780CD2090598A00EF7929 /* Resources */,
				17B51BA209251987BAAC57D2 /* [CP] Embed Pods Frameworks */,
				228226250FBFB50C952DB475 /* [CP] Copy Pods Resources */,
			);
			buildRules = (
			);
			dependencies = (
			);
			name = pagetabStrip;
			productName = pagetabStrip;
			productReference = 4F2780CF2090598A00EF7929 /* pagetabStrip.app */;
			productType = "com.apple.product-type.application";
		};
/* End PBXNativeTarget section */

/* Begin PBXProject section */
		4F2780C72090598A00EF7929 /* Project object */ = {
			isa = PBXProject;
			attributes = {
				LastSwiftUpdateCheck = 0920;
				LastUpgradeCheck = 0920;
				ORGANIZATIONNAME = TOPS;
				TargetAttributes = {
					4F2780CE2090598A00EF7929 = {
						CreatedOnToolsVersion = 9.2;
						ProvisioningStyle = Automatic;
					};
				};
			};
			buildConfigurationList = 4F2780CA2090598A00EF7929 /* Build configuration list for PBXProject "pagetabStrip" */;
			compatibilityVersion = "Xcode 8.0";
			developmentRegion = en;
			hasScannedForEncodings = 0;
			knownRegions = (
				en,
				Base,
			);
			mainGroup = 4F2780C62090598A00EF7929;
			productRefGroup = 4F2780D02090598A00EF7929 /* Products */;
			projectDirPath = "";
			projectRoot = "";
			targets = (
				4F2780CE2090598A00EF7929 /* pagetabStrip */,
			);
		};
/* End PBXProject section */

/* Begin PBXResourcesBuildPhase section */
		4F2780CD2090598A00EF7929 /* Resources */ = {
			isa = PBXResourcesBuildPhase;
			buildActionMask = 2147483647;
			files = (
				4F2780DD2090598A00EF7929 /* LaunchScreen.storyboard in Resources */,
				4F2780DA2090598A00EF7929 /* Assets.xcassets in Resources */,
				4F2780D82090598A00EF7929 /* Main.storyboard in Resources */,
			);
			runOnlyForDeploymentPostprocessing = 0;
		};
/* End PBXResourcesBuildPhase section */

/* Begin PBXShellScriptBuildPhase section */
		17B51BA209251987BAAC57D2 /* [CP] Embed Pods Frameworks */ = {
			isa = PBXShellScriptBuildPhase;
			buildActionMask = 2147483647;
			files = (
			);
			inputPaths = (
				"${SRCROOT}/Pods/Target Support Files/Pods-pagetabStrip/Pods-pagetabStrip-frameworks.sh",
				"${BUILT_PRODUCTS_DIR}/XLPagerTabStrip/XLPagerTabStrip.framework",
			);
			name = "[CP] Embed Pods Frameworks";
			outputPaths = (
				"${TARGET_BUILD_DIR}/${FRAMEWORKS_FOLDER_PATH}/XLPagerTabStrip.framework",
			);
			runOnlyForDeploymentPostprocessing = 0;
			shellPath = /bin/sh;
			shellScript = "\"${SRCROOT}/Pods/Target Support Files/Pods-pagetabStrip/Pods-pagetabStrip-frameworks.sh\"\n";
			showEnvVarsInLog = 0;
		};
		228226250FBFB50C952DB475 /* [CP] Copy Pods Resources */ = {
			isa = PBXShellScriptBuildPhase;
			buildActionMask = 2147483647;
			files = (
			);
			inputPaths = (
			);
			name = "[CP] Copy Pods Resources";
			outputPaths = (
			);
			runOnlyForDeploymentPostprocessing = 0;
			shellPath = /bin/sh;
			shellScript = "\"${SRCROOT}/Pods/Target Support Files/Pods-pagetabStrip/Pods-pagetabStrip-resources.sh\"\n";
			showEnvVarsInLog = 0;
		};
		9209862AD10688CFAAE09EDF /* [CP] Check Pods Manifest.lock */ = {
			isa = PBXShellScriptBuildPhase;
			buildActionMask = 2147483647;
			files = (
			);
			inputPaths = (
				"${PODS_PODFILE_DIR_PATH}/Podfile.lock",
				"${PODS_ROOT}/Manifest.lock",
			);
			name = "[CP] Check Pods Manifest.lock";
			outputPaths = (
				"$(DERIVED_FILE_DIR)/Pods-pagetabStrip-checkManifestLockResult.txt",
			);
			runOnlyForDeploymentPostprocessing = 0;
			shellPath = /bin/sh;
			shellScript = "diff \"${PODS_PODFILE_DIR_PATH}/Podfile.lock\" \"${PODS_ROOT}/Manifest.lock\" > /dev/null\nif [ $? != 0 ] ; then\n    # print error to STDERR\n    echo \"error: The sandbox is not in sync with the Podfile.lock. Run 'pod install' or update your CocoaPods installation.\" >&2\n    exit 1\nfi\n# This output is used by Xcode 'outputs' to avoid re-running this script phase.\necho \"SUCCESS\" > \"${SCRIPT_OUTPUT_FILE_0}\"\n";
			showEnvVarsInLog = 0;
		};
/* End PBXShellScriptBuildPhase section */

/* Begin PBXSourcesBuildPhase section */
		4F2780CB2090598A00EF7929 /* Sources */ = {
			isa = PBXSourcesBuildPhase;
			buildActionMask = 2147483647;
			files = (
				4F2780EF2090666E00EF7929 /* view3.swift in Sources */,
				4F2780E520905DFD00EF7929 /* view1.swift in Sources */,
				4F2780D52090598A00EF7929 /* ViewController.swift in Sources */,
				4F2780D32090598A00EF7929 /* AppDelegate.swift in Sources */,
				4F2780ED2090666200EF7929 /* view2.swift in Sources */,
			);
			runOnlyForDeploymentPostprocessing = 0;
		};
/* End PBXSourcesBuildPhase section */

/* Begin PBXVariantGroup section */
		4F2780D62090598A00EF7929 /* Main.storyboard */ = {
			isa = PBXVariantGroup;
			children = (
				4F2780D72090598A00EF7929 /* Base */,
			);
			name = Main.storyboard;
			sourceTree = "<group>";
		};
		4F2780DB2090598A00EF7929 /* LaunchScreen.storyboard */ = {
			isa = PBXVariantGroup;
			children = (
				4F2780DC2090598A00EF7929 /* Base */,
			);
			name = LaunchScreen.storyboard;
			sourceTree = "<group>";
		};
/* End PBXVariantGroup section */

/* Begin XCBuildConfiguration section */
		4F2780DF2090598A00EF7929 /* Debug */ = {
			isa = XCBuildConfiguration;
			buildSettings = {
				ALWAYS_SEARCH_USER_PATHS = NO;
				CLANG_ANALYZER_NONNULL = YES;
				CLANG_ANALYZER_NUMBER_OBJECT_CONVERSION = YES_AGGRESSIVE;
				CLANG_CXX_LANGUAGE_STANDARD = "gnu++14";
				CLANG_CXX_LIBRARY = "libc++";
				CLANG_ENABLE_MODULES = YES;
				CLANG_ENABLE_OBJC_ARC = YES;
				CLANG_WARN_BLOCK_CAPTURE_AUTORELEASING = YES;
				CLANG_WARN_BOOL_CONVERSION = YES;
				CLANG_WARN_COMMA = YES;
				CLANG_WARN_CONSTANT_CONVERSION = YES;
				CLANG_WARN_DIRECT_OBJC_ISA_USAGE = YES_ERROR;
				CLANG_WARN_DOCUMENTATION_COMMENTS = YES;
				CLANG_WARN_EMPTY_BODY = YES;
				CLANG_WARN_ENUM_CONVERSION = YES;
				CLANG_WARN_INFINITE_RECURSION = YES;
				CLANG_WARN_INT_CONVERSION = YES;
				CLANG_WARN_NON_LITERAL_NULL_CONVERSION = YES;
				CLANG_WARN_OBJC_LITERAL_CONVERSION = YES;
				CLANG_WARN_OBJC_ROOT_CLASS = YES_ERROR;
				CLANG_WARN_RANGE_LOOP_ANALYSIS = YES;
				CLANG_WARN_STRICT_PROTOTYPES = YES;
				CLANG_WARN_SUSPICIOUS_MOVE = YES;
				CLANG_WARN_UNGUARDED_AVAILABILITY = YES_AGGRESSIVE;
				CLANG_WARN_UNREACHABLE_CODE = YES;
				CLANG_WARN__DUPLICATE_METHOD_MATCH = YES;
				CODE_SIGN_IDENTITY = "iPhone Developer";
				COPY_PHASE_STRIP = NO;
				DEBUG_INFORMATION_FORMAT = dwarf;
				ENABLE_STRICT_OBJC_MSGSEND = YES;
				ENABLE_TESTABILITY = YES;
				GCC_C_LANGUAGE_STANDARD = gnu11;
				GCC_DYNAMIC_NO_PIC = NO;
				GCC_NO_COMMON_BLOCKS = YES;
				GCC_OPTIMIZATION_LEVEL = 0;
				GCC_PREPROCESSOR_DEFINITIONS = (
					"DEBUG=1",
					"$(inherited)",
				);
				GCC_WARN_64_TO_32_BIT_CONVERSION = YES;
				GCC_WARN_ABOUT_RETURN_TYPE = YES_ERROR;
				GCC_WARN_UNDECLARED_SELECTOR = YES;
				GCC_WARN_UNINITIALIZED_AUTOS = YES_AGGRESSIVE;
				GCC_WARN_UNUSED_FUNCTION = YES;
				GCC_WARN_UNUSED_VARIABLE = YES;
				IPHONEOS_DEPLOYMENT_TARGET = 11.2;
				MTL_ENABLE_DEBUG_INFO = YES;
				ONLY_ACTIVE_ARCH = YES;
				SDKROOT = iphoneos;
				SWIFT_ACTIVE_COMPILATION_CONDITIONS = DEBUG;
				SWIFT_OPTIMIZATION_LEVEL = "-Onone";
			};
			name = Debug;
		};
		4F2780E02090598A00EF7929 /* Release */ = {
			isa = XCBuildConfiguration;
			buildSettings = {
				ALWAYS_SEARCH_USER_PATHS = NO;
				CLANG_ANALYZER_NONNULL = YES;
				CLANG_ANALYZER_NUMBER_OBJECT_CONVERSION = YES_AGGRESSIVE;
				CLANG_CXX_LANGUAGE_STANDARD = "gnu++14";
				CLANG_CXX_LIBRARY = "libc++";
				CLANG_ENABLE_MODULES = YES;
				CLANG_ENABLE_OBJC_ARC = YES;
				CLANG_WARN_BLOCK_CAPTURE_AUTORELEASING = YES;
				CLANG_WARN_BOOL_CONVERSION = YES;
				CLANG_WARN_COMMA = YES;
				CLANG_WARN_CONSTANT_CONVERSION = YES;
				CLANG_WARN_DIRECT_OBJC_ISA_USAGE = YES_ERROR;
				CLANG_WARN_DOCUMENTATION_COMMENTS = YES;
				CLANG_WARN_EMPTY_BODY = YES;
				CLANG_WARN_ENUM_CONVERSION = YES;
				CLANG_WARN_INFINITE_RECURSION = YES;
				CLANG_WARN_INT_CONVERSION = YES;
				CLANG_WARN_NON_LITERAL_NULL_CONVERSION = YES;
				CLANG_WARN_OBJC_LITERAL_CONVERSION = YES;
				CLANG_WARN_OBJC_ROOT_CLASS = YES_ERROR;
				CLANG_WARN_RANGE_LOOP_ANALYSIS = YES;
				CLANG_WARN_STRICT_PROTOTYPES = YES;
				CLANG_WARN_SUSPICIOUS_MOVE = YES;
				CLANG_WARN_UNGUARDED_AVAILABILITY = YES_AGGRESSIVE;
				CLANG_WARN_UNREACHABLE_CODE = YES;
				CLANG_WARN__DUPLICATE_METHOD_MATCH = YES;
				CODE_SIGN_IDENTITY = "iPhone Developer";
				COPY_PHASE_STRIP = NO;
				DEBUG_INFORMATION_FORMAT = "dwarf-with-dsym";
				ENABLE_NS_ASSERTIONS = NO;
				ENABLE_STRICT_OBJC_MSGSEND = YES;
				GCC_C_LANGUAGE_STANDARD = gnu11;
				GCC_NO_COMMON_BLOCKS = YES;
				GCC_WARN_64_TO_32_BIT_CONVERSION = YES;
				GCC_WARN_ABOUT_RETURN_TYPE = YES_ERROR;
				GCC_WARN_UNDECLARED_SELECTOR = YES;
				GCC_WARN_UNINITIALIZED_AUTOS = YES_AGGRESSIVE;
				GCC_WARN_UNUSED_FUNCTION = YES;
				GCC_WARN_UNUSED_VARIABLE = YES;
				IPHONEOS_DEPLOYMENT_TARGET = 11.2;
				MTL_ENABLE_DEBUG_INFO = NO;
				SDKROOT = iphoneos;
				SWIFT_OPTIMIZATION_LEVEL = "-Owholemodule";
				VALIDATE_PRODUCT = YES;
			};
			name = Release;
		};
		4F2780E22090598A00EF7929 /* Debug */ = {
			isa = XCBuildConfiguration;
			baseConfigurationReference = 8C67588A3543D8C99BDCC71D /* Pods-pagetabStrip.debug.xcconfig */;
			buildSettings = {
				ASSETCATALOG_COMPILER_APPICON_NAME = AppIcon;
				CODE_SIGN_STYLE = Automatic;
				INFOPLIST_FILE = pagetabStrip/Info.plist;
				LD_RUNPATH_SEARCH_PATHS = "$(inherited) @executable_path/Frameworks";
				PRODUCT_BUNDLE_IDENTIFIER = tops.pagetabStrip;
				PRODUCT_NAME = "$(TARGET_NAME)";
				SWIFT_VERSION = 4.0;
				TARGETED_DEVICE_FAMILY = "1,2";
			};
			name = Debug;
		};
		4F2780E32090598A00EF7929 /* Release */ = {
			isa = XCBuildConfiguration;
			baseConfigurationReference = 221DEC1B2F765173614E53C3 /* Pods-pagetabStrip.release.xcconfig */;
			buildSettings = {
				ASSETCATALOG_COMPILER_APPICON_NAME = AppIcon;
				CODE_SIGN_STYLE = Automatic;
				INFOPLIST_FILE = pagetabStrip/Info.plist;
				LD_RUNPATH_SEARCH_PATHS = "$(inherited) @executable_path/Frameworks";
				PRODUCT_BUNDLE_IDENTIFIER = tops.pagetabStrip;
				PRODUCT_NAME = "$(TARGET_NAME)";
				SWIFT_VERSION = 4.0;
				TARGETED_DEVICE_FAMILY = "1,2";
			};
			name = Release;
		};
/* End XCBuildConfiguration section */

/* Begin XCConfigurationList section */
		4F2780CA2090598A00EF7929 /* Build configuration list for PBXProject "pagetabStrip" */ = {
			isa = XCConfigurationList;
			buildConfigurations = (
				4F2780DF2090598A00EF7929 /* Debug */,
				4F2780E02090598A00EF7929 /* Release */,
			);
			defaultConfigurationIsVisible = 0;
			defaultConfigurationName = Release;
		};
		4F2780E12090598A00EF7929 /* Build configuration list for PBXNativeTarget "pagetabStrip" */ = {
			isa = XCConfigurationList;
			buildConfigurations = (
				4F2780E22090598A00EF7929 /* Debug */,
				4F2780E32090598A00EF7929 /* Release */,
			);
			defaultConfigurationIsVisible = 0;
			defaultConfigurationName = Release;
		};
/* End XCConfigurationList section */
	};
	rootObject = 4F2780C72090598A00EF7929 /* Project object */;
}
